// !$*UTF8*$!
{
	archiveVersion = 1;
	classes = {
	};
	objectVersion = 46;
	objects = {

/* Begin PBXBuildFile section */
		2BC50ECD8FBAB94A2AF31715 /* libPods-Sprinkler Controller.a in Frameworks */ = {isa = PBXBuildFile; fileRef = B0666B4A8E1CFC773F2235BA /* libPods-Sprinkler Controller.a */; };
		9A21373B1CA1FA7100A4973C /* CoreBluetooth.framework in Frameworks */ = {isa = PBXBuildFile; fileRef = 9A21373A1CA1FA7100A4973C /* CoreBluetooth.framework */; };
		9A496BD91CBB068B003627C2 /* SettingsViewController.swift in Sources */ = {isa = PBXBuildFile; fileRef = 9A496BD81CBB068B003627C2 /* SettingsViewController.swift */; };
		9A6ACEBC1CBAF3DF00FF788C /* ProgramViewController.swift in Sources */ = {isa = PBXBuildFile; fileRef = 9A6ACEBB1CBAF3DF00FF788C /* ProgramViewController.swift */; };
		9AB1E4531CA08F3F0068DD44 /* AppDelegate.swift in Sources */ = {isa = PBXBuildFile; fileRef = 9AB1E4521CA08F3F0068DD44 /* AppDelegate.swift */; };
		9AB1E4551CA08F3F0068DD44 /* ViewController.swift in Sources */ = {isa = PBXBuildFile; fileRef = 9AB1E4541CA08F3F0068DD44 /* ViewController.swift */; };
		9AB1E4581CA08F3F0068DD44 /* Main.storyboard in Resources */ = {isa = PBXBuildFile; fileRef = 9AB1E4561CA08F3F0068DD44 /* Main.storyboard */; };
		9AB1E45A1CA08F3F0068DD44 /* Assets.xcassets in Resources */ = {isa = PBXBuildFile; fileRef = 9AB1E4591CA08F3F0068DD44 /* Assets.xcassets */; };
		9AB1E45D1CA08F3F0068DD44 /* LaunchScreen.storyboard in Resources */ = {isa = PBXBuildFile; fileRef = 9AB1E45B1CA08F3F0068DD44 /* LaunchScreen.storyboard */; };
/* End PBXBuildFile section */

/* Begin PBXFileReference section */
		5F5CD291B16B66E8A04BE968 /* Pods-Sprinkler Controller.release.xcconfig */ = {isa = PBXFileReference; includeInIndex = 1; lastKnownFileType = text.xcconfig; name = "Pods-Sprinkler Controller.release.xcconfig"; path = "Pods/Target Support Files/Pods-Sprinkler Controller/Pods-Sprinkler Controller.release.xcconfig"; sourceTree = "<group>"; };
		9A21373A1CA1FA7100A4973C /* CoreBluetooth.framework */ = {isa = PBXFileReference; lastKnownFileType = wrapper.framework; name = CoreBluetooth.framework; path = System/Library/Frameworks/CoreBluetooth.framework; sourceTree = SDKROOT; };
		9A496BD81CBB068B003627C2 /* SettingsViewController.swift */ = {isa = PBXFileReference; fileEncoding = 4; lastKnownFileType = sourcecode.swift; path = SettingsViewController.swift; sourceTree = "<group>"; };
		9A6ACEB81CBAED8100FF788C /* Sprinkler Controller-Bridging-Header.h */ = {isa = PBXFileReference; lastKnownFileType = sourcecode.c.h; path = "Sprinkler Controller-Bridging-Header.h"; sourceTree = "<group>"; };
		9A6ACEBB1CBAF3DF00FF788C /* ProgramViewController.swift */ = {isa = PBXFileReference; fileEncoding = 4; lastKnownFileType = sourcecode.swift; path = ProgramViewController.swift; sourceTree = "<group>"; };
		9AB1E44F1CA08F3F0068DD44 /* Sprinkler Controller.app */ = {isa = PBXFileReference; explicitFileType = wrapper.application; includeInIndex = 0; path = "Sprinkler Controller.app"; sourceTree = BUILT_PRODUCTS_DIR; };
		9AB1E4521CA08F3F0068DD44 /* AppDelegate.swift */ = {isa = PBXFileReference; lastKnownFileType = sourcecode.swift; path = AppDelegate.swift; sourceTree = "<group>"; };
		9AB1E4541CA08F3F0068DD44 /* ViewController.swift */ = {isa = PBXFileReference; lastKnownFileType = sourcecode.swift; path = ViewController.swift; sourceTree = "<group>"; };
		9AB1E4571CA08F3F0068DD44 /* Base */ = {isa = PBXFileReference; lastKnownFileType = file.storyboard; name = Base; path = Base.lproj/Main.storyboard; sourceTree = "<group>"; };
		9AB1E4591CA08F3F0068DD44 /* Assets.xcassets */ = {isa = PBXFileReference; lastKnownFileType = folder.assetcatalog; path = Assets.xcassets; sourceTree = "<group>"; };
		9AB1E45C1CA08F3F0068DD44 /* Base */ = {isa = PBXFileReference; lastKnownFileType = file.storyboard; name = Base; path = Base.lproj/LaunchScreen.storyboard; sourceTree = "<group>"; };
		9AB1E45E1CA08F3F0068DD44 /* Info.plist */ = {isa = PBXFileReference; lastKnownFileType = text.plist.xml; path = Info.plist; sourceTree = "<group>"; };
		AE1B3CB24B45ACA129FAFDCB /* Pods-Sprinkler Controller.debug.xcconfig */ = {isa = PBXFileReference; includeInIndex = 1; lastKnownFileType = text.xcconfig; name = "Pods-Sprinkler Controller.debug.xcconfig"; path = "Pods/Target Support Files/Pods-Sprinkler Controller/Pods-Sprinkler Controller.debug.xcconfig"; sourceTree = "<group>"; };
		B0666B4A8E1CFC773F2235BA /* libPods-Sprinkler Controller.a */ = {isa = PBXFileReference; explicitFileType = archive.ar; includeInIndex = 0; path = "libPods-Sprinkler Controller.a"; sourceTree = BUILT_PRODUCTS_DIR; };
/* End PBXFileReference section */

/* Begin PBXFrameworksBuildPhase section */
		9AB1E44C1CA08F3F0068DD44 /* Frameworks */ = {
			isa = PBXFrameworksBuildPhase;
			buildActionMask = 2147483647;
			files = (
				9A21373B1CA1FA7100A4973C /* CoreBluetooth.framework in Frameworks */,
				2BC50ECD8FBAB94A2AF31715 /* libPods-Sprinkler Controller.a in Frameworks */,
			);
			runOnlyForDeploymentPostprocessing = 0;
		};
/* End PBXFrameworksBuildPhase section */

/* Begin PBXGroup section */
		0958E8BCF61D06E4D3B4C0BD /* Pods */ = {
			isa = PBXGroup;
			children = (
				AE1B3CB24B45ACA129FAFDCB /* Pods-Sprinkler Controller.debug.xcconfig */,
				5F5CD291B16B66E8A04BE968 /* Pods-Sprinkler Controller.release.xcconfig */,
			);
			name = Pods;
			sourceTree = "<group>";
		};
		9AB1E4461CA08F3F0068DD44 = {
			isa = PBXGroup;
			children = (
				9A21373A1CA1FA7100A4973C /* CoreBluetooth.framework */,
				9AB1E4511CA08F3F0068DD44 /* Sprinkler Controller */,
				9AB1E4501CA08F3F0068DD44 /* Products */,
				0958E8BCF61D06E4D3B4C0BD /* Pods */,
				E67055645530067C505DDB1F /* Frameworks */,
			);
			sourceTree = "<group>";
		};
		9AB1E4501CA08F3F0068DD44 /* Products */ = {
			isa = PBXGroup;
			children = (
				9AB1E44F1CA08F3F0068DD44 /* Sprinkler Controller.app */,
			);
			name = Products;
			sourceTree = "<group>";
		};
		9AB1E4511CA08F3F0068DD44 /* Sprinkler Controller */ = {
			isa = PBXGroup;
			children = (
				9AB1E4521CA08F3F0068DD44 /* AppDelegate.swift */,
				9AB1E4541CA08F3F0068DD44 /* ViewController.swift */,
				9AB1E4561CA08F3F0068DD44 /* Main.storyboard */,
				9AB1E4591CA08F3F0068DD44 /* Assets.xcassets */,
				9AB1E45B1CA08F3F0068DD44 /* LaunchScreen.storyboard */,
				9AB1E45E1CA08F3F0068DD44 /* Info.plist */,
				9A6ACEB81CBAED8100FF788C /* Sprinkler Controller-Bridging-Header.h */,
				9A6ACEBB1CBAF3DF00FF788C /* ProgramViewController.swift */,
				9A496BD81CBB068B003627C2 /* SettingsViewController.swift */,
			);
			path = "Sprinkler Controller";
			sourceTree = "<group>";
		};
		E67055645530067C505DDB1F /* Frameworks */ = {
			isa = PBXGroup;
			children = (
				B0666B4A8E1CFC773F2235BA /* libPods-Sprinkler Controller.a */,
			);
			name = Frameworks;
			sourceTree = "<group>";
		};
/* End PBXGroup section */

/* Begin PBXNativeTarget section */
		9AB1E44E1CA08F3F0068DD44 /* Sprinkler Controller */ = {
			isa = PBXNativeTarget;
			buildConfigurationList = 9AB1E4611CA08F3F0068DD44 /* Build configuration list for PBXNativeTarget "Sprinkler Controller" */;
			buildPhases = (
				77BB0682E60404900AF8072B /* Check Pods Manifest.lock */,
				9AB1E44B1CA08F3F0068DD44 /* Sources */,
				9AB1E44C1CA08F3F0068DD44 /* Frameworks */,
				9AB1E44D1CA08F3F0068DD44 /* Resources */,
				8854C20B6FB5B3587D89F461 /* Embed Pods Frameworks */,
				C17C6E02C0B956145168995B /* Copy Pods Resources */,
			);
			buildRules = (
			);
			dependencies = (
			);
			name = "Sprinkler Controller";
			productName = "Sprinkler Controller";
			productReference = 9AB1E44F1CA08F3F0068DD44 /* Sprinkler Controller.app */;
			productType = "com.apple.product-type.application";
		};
/* End PBXNativeTarget section */

/* Begin PBXProject section */
		9AB1E4471CA08F3F0068DD44 /* Project object */ = {
			isa = PBXProject;
			attributes = {
				LastSwiftUpdateCheck = 0730;
				LastUpgradeCheck = 0730;
				ORGANIZATIONNAME = "Team 12";
				TargetAttributes = {
					9AB1E44E1CA08F3F0068DD44 = {
						CreatedOnToolsVersion = 7.3;
					};
				};
			};
			buildConfigurationList = 9AB1E44A1CA08F3F0068DD44 /* Build configuration list for PBXProject "Sprinkler Controller" */;
			compatibilityVersion = "Xcode 3.2";
			developmentRegion = English;
			hasScannedForEncodings = 0;
			knownRegions = (
				en,
				Base,
			);
			mainGroup = 9AB1E4461CA08F3F0068DD44;
			productRefGroup = 9AB1E4501CA08F3F0068DD44 /* Products */;
			projectDirPath = "";
			projectRoot = "";
			targets = (
				9AB1E44E1CA08F3F0068DD44 /* Sprinkler Controller */,
			);
		};
/* End PBXProject section */

/* Begin PBXResourcesBuildPhase section */
		9AB1E44D1CA08F3F0068DD44 /* Resources */ = {
			isa = PBXResourcesBuildPhase;
			buildActionMask = 2147483647;
			files = (
				9AB1E45D1CA08F3F0068DD44 /* LaunchScreen.storyboard in Resources */,
				9AB1E45A1CA08F3F0068DD44 /* Assets.xcassets in Resources */,
				9AB1E4581CA08F3F0068DD44 /* Main.storyboard in Resources */,
			);
			runOnlyForDeploymentPostprocessing = 0;
		};
/* End PBXResourcesBuildPhase section */

/* Begin PBXShellScriptBuildPhase section */
		77BB0682E60404900AF8072B /* Check Pods Manifest.lock */ = {
			isa = PBXShellScriptBuildPhase;
			buildActionMask = 2147483647;
			files = (
			);
			inputPaths = (
			);
			name = "Check Pods Manifest.lock";
			outputPaths = (
			);
			runOnlyForDeploymentPostprocessing = 0;
			shellPath = /bin/sh;
			shellScript = "diff \"${PODS_ROOT}/../Podfile.lock\" \"${PODS_ROOT}/Manifest.lock\" > /dev/null\nif [[ $? != 0 ]] ; then\n    cat << EOM\nerror: The sandbox is not in sync with the Podfile.lock. Run 'pod install' or update your CocoaPods installation.\nEOM\n    exit 1\nfi\n";
			showEnvVarsInLog = 0;
		};
		8854C20B6FB5B3587D89F461 /* Embed Pods Frameworks */ = {
			isa = PBXShellScriptBuildPhase;
			buildActionMask = 2147483647;
			files = (
			);
			inputPaths = (
			);
			name = "Embed Pods Frameworks";
			outputPaths = (
			);
			runOnlyForDeploymentPostprocessing = 0;
			shellPath = /bin/sh;
			shellScript = "\"${SRCROOT}/Pods/Target Support Files/Pods-Sprinkler Controller/Pods-Sprinkler Controller-frameworks.sh\"\n";
			showEnvVarsInLog = 0;
		};
		C17C6E02C0B956145168995B /* Copy Pods Resources */ = {
			isa = PBXShellScriptBuildPhase;
			buildActionMask = 2147483647;
			files = (
			);
			inputPaths = (
			);
			name = "Copy Pods Resources";
			outputPaths = (
			);
			runOnlyForDeploymentPostprocessing = 0;
			shellPath = /bin/sh;
			shellScript = "\"${SRCROOT}/Pods/Target Support Files/Pods-Sprinkler Controller/Pods-Sprinkler Controller-resources.sh\"\n";
			showEnvVarsInLog = 0;
		};
/* End PBXShellScriptBuildPhase section */

/* Begin PBXSourcesBuildPhase section */
		9AB1E44B1CA08F3F0068DD44 /* Sources */ = {
			isa = PBXSourcesBuildPhase;
			buildActionMask = 2147483647;
			files = (
				9AB1E4551CA08F3F0068DD44 /* ViewController.swift in Sources */,
				9AB1E4531CA08F3F0068DD44 /* AppDelegate.swift in Sources */,
				9A6ACEBC1CBAF3DF00FF788C /* ProgramViewController.swift in Sources */,
				9A496BD91CBB068B003627C2 /* SettingsViewController.swift in Sources */,
			);
			runOnlyForDeploymentPostprocessing = 0;
		};
/* End PBXSourcesBuildPhase section */

/* Begin PBXVariantGroup section */
		9AB1E4561CA08F3F0068DD44 /* Main.storyboard */ = {
			isa = PBXVariantGroup;
			children = (
				9AB1E4571CA08F3F0068DD44 /* Base */,
			);
			name = Main.storyboard;
			sourceTree = "<group>";
		};
		9AB1E45B1CA08F3F0068DD44 /* LaunchScreen.storyboard */ = {
			isa = PBXVariantGroup;
			children = (
				9AB1E45C1CA08F3F0068DD44 /* Base */,
			);
			name = LaunchScreen.storyboard;
			sourceTree = "<group>";
		};
/* End PBXVariantGroup section */

/* Begin XCBuildConfiguration section */
		9AB1E45F1CA08F3F0068DD44 /* Debug */ = {
			isa = XCBuildConfiguration;
			buildSettings = {
				ALWAYS_SEARCH_USER_PATHS = NO;
				CLANG_ANALYZER_NONNULL = YES;
				CLANG_CXX_LANGUAGE_STANDARD = "gnu++0x";
				CLANG_CXX_LIBRARY = "libc++";
				CLANG_ENABLE_MODULES = YES;
				CLANG_ENABLE_OBJC_ARC = YES;
				CLANG_WARN_BOOL_CONVERSION = YES;
				CLANG_WARN_CONSTANT_CONVERSION = YES;
				CLANG_WARN_DIRECT_OBJC_ISA_USAGE = YES_ERROR;
				CLANG_WARN_EMPTY_BODY = YES;
				CLANG_WARN_ENUM_CONVERSION = YES;
				CLANG_WARN_INT_CONVERSION = YES;
				CLANG_WARN_OBJC_ROOT_CLASS = YES_ERROR;
				CLANG_WARN_UNREACHABLE_CODE = YES;
				CLANG_WARN__DUPLICATE_METHOD_MATCH = YES;
				"CODE_SIGN_IDENTITY[sdk=iphoneos*]" = "iPhone Developer";
				COPY_PHASE_STRIP = NO;
				DEBUG_INFORMATION_FORMAT = dwarf;
				ENABLE_STRICT_OBJC_MSGSEND = YES;
				ENABLE_TESTABILITY = YES;
				GCC_C_LANGUAGE_STANDARD = gnu99;
				GCC_DYNAMIC_NO_PIC = NO;
				GCC_NO_COMMON_BLOCKS = YES;
				GCC_OPTIMIZATION_LEVEL = 0;
				GCC_PREPROCESSOR_DEFINITIONS = (
					"DEBUG=1",
					"$(inherited)",
				);
				GCC_WARN_64_TO_32_BIT_CONVERSION = YES;
				GCC_WARN_ABOUT_RETURN_TYPE = YES_ERROR;
				GCC_WARN_UNDECLARED_SELECTOR = YES;
				GCC_WARN_UNINITIALIZED_AUTOS = YES_AGGRESSIVE;
				GCC_WARN_UNUSED_FUNCTION = YES;
				GCC_WARN_UNUSED_VARIABLE = YES;
				IPHONEOS_DEPLOYMENT_TARGET = 9.3;
				MTL_ENABLE_DEBUG_INFO = YES;
				ONLY_ACTIVE_ARCH = YES;
				SDKROOT = iphoneos;
				SWIFT_OPTIMIZATION_LEVEL = "-Onone";
				TARGETED_DEVICE_FAMILY = "1,2";
			};
			name = Debug;
		};
		9AB1E4601CA08F3F0068DD44 /* Release */ = {
			isa = XCBuildConfiguration;
			buildSettings = {
				ALWAYS_SEARCH_USER_PATHS = NO;
				CLANG_ANALYZER_NONNULL = YES;
				CLANG_CXX_LANGUAGE_STANDARD = "gnu++0x";
				CLANG_CXX_LIBRARY = "libc++";
				CLANG_ENABLE_MODULES = YES;
				CLANG_ENABLE_OBJC_ARC = YES;
				CLANG_WARN_BOOL_CONVERSION = YES;
				CLANG_WARN_CONSTANT_CONVERSION = YES;
				CLANG_WARN_DIRECT_OBJC_ISA_USAGE = YES_ERROR;
				CLANG_WARN_EMPTY_BODY = YES;
				CLANG_WARN_ENUM_CONVERSION = YES;
				CLANG_WARN_INT_CONVERSION = YES;
				CLANG_WARN_OBJC_ROOT_CLASS = YES_ERROR;
				CLANG_WARN_UNREACHABLE_CODE = YES;
				CLANG_WARN__DUPLICATE_METHOD_MATCH = YES;
				"CODE_SIGN_IDENTITY[sdk=iphoneos*]" = "iPhone Developer";
				COPY_PHASE_STRIP = NO;
				DEBUG_INFORMATION_FORMAT = "dwarf-with-dsym";
				ENABLE_NS_ASSERTIONS = NO;
				ENABLE_STRICT_OBJC_MSGSEND = YES;
				GCC_C_LANGUAGE_STANDARD = gnu99;
				GCC_NO_COMMON_BLOCKS = YES;
				GCC_WARN_64_TO_32_BIT_CONVERSION = YES;
				GCC_WARN_ABOUT_RETURN_TYPE = YES_ERROR;
				GCC_WARN_UNDECLARED_SELECTOR = YES;
				GCC_WARN_UNINITIALIZED_AUTOS = YES_AGGRESSIVE;
				GCC_WARN_UNUSED_FUNCTION = YES;
				GCC_WARN_UNUSED_VARIABLE = YES;
				IPHONEOS_DEPLOYMENT_TARGET = 9.3;
				MTL_ENABLE_DEBUG_INFO = NO;
				SDKROOT = iphoneos;
				TARGETED_DEVICE_FAMILY = "1,2";
				VALIDATE_PRODUCT = YES;
			};
			name = Release;
		};
		9AB1E4621CA08F3F0068DD44 /* Debug */ = {
			isa = XCBuildConfiguration;
			baseConfigurationReference = AE1B3CB24B45ACA129FAFDCB /* Pods-Sprinkler Controller.debug.xcconfig */;
			buildSettings = {
				ASSETCATALOG_COMPILER_APPICON_NAME = AppIcon;
				CLANG_ENABLE_MODULES = YES;
				INFOPLIST_FILE = "Sprinkler Controller/Info.plist";
				LD_RUNPATH_SEARCH_PATHS = "$(inherited) @executable_path/Frameworks";
				PRODUCT_BUNDLE_IDENTIFIER = "io.vinnie.eecapstone.Sprinkler-Controller";
				PRODUCT_NAME = "$(TARGET_NAME)";
				SWIFT_OBJC_BRIDGING_HEADER = "Sprinkler Controller/Sprinkler Controller-Bridging-Header.h";
				SWIFT_OPTIMIZATION_LEVEL = "-Onone";
			};
			name = Debug;
		};
		9AB1E4631CA08F3F0068DD44 /* Release */ = {
			isa = XCBuildConfiguration;
			baseConfigurationReference = 5F5CD291B16B66E8A04BE968 /* Pods-Sprinkler Controller.release.xcconfig */;
			buildSettings = {
				ASSETCATALOG_COMPILER_APPICON_NAME = AppIcon;
				CLANG_ENABLE_MODULES = YES;
				INFOPLIST_FILE = "Sprinkler Controller/Info.plist";
				LD_RUNPATH_SEARCH_PATHS = "$(inherited) @executable_path/Frameworks";
				PRODUCT_BUNDLE_IDENTIFIER = "io.vinnie.eecapstone.Sprinkler-Controller";
				PRODUCT_NAME = "$(TARGET_NAME)";
				SWIFT_OBJC_BRIDGING_HEADER = "Sprinkler Controller/Sprinkler Controller-Bridging-Header.h";
			};
			name = Release;
		};
/* End XCBuildConfiguration section */

/* Begin XCConfigurationList section */
		9AB1E44A1CA08F3F0068DD44 /* Build configuration list for PBXProject "Sprinkler Controller" */ = {
			isa = XCConfigurationList;
			buildConfigurations = (
				9AB1E45F1CA08F3F0068DD44 /* Debug */,
				9AB1E4601CA08F3F0068DD44 /* Release */,
			);
			defaultConfigurationIsVisible = 0;
			defaultConfigurationName = Release;
		};
		9AB1E4611CA08F3F0068DD44 /* Build configuration list for PBXNativeTarget "Sprinkler Controller" */ = {
			isa = XCConfigurationList;
			buildConfigurations = (
				9AB1E4621CA08F3F0068DD44 /* Debug */,
				9AB1E4631CA08F3F0068DD44 /* Release */,
			);
			defaultConfigurationIsVisible = 0;
			defaultConfigurationName = Release;
		};
/* End XCConfigurationList section */
	};
	rootObject = 9AB1E4471CA08F3F0068DD44 /* Project object */;
}
